
Microsoft Visual Studio Solution File, Format Version 12.00
# Visual Studio Version 16
VisualStudioVersion = 25.0.1705.4
MinimumVisualStudioVersion = 10.0.40219.1
Project("{FAE04EC0-301F-11D3-BF4B-00C04F79EFBC}") = "netcore-project", "netcore-project.csproj", "{B49E50C6-86DF-41BD-A744-087B9A8E3B96}"
EndProject
Global
	GlobalSection(SolutionConfigurationPlatforms) = preSolution
		Debug|Any CPU = Debug|Any CPU
		Release|Any CPU = Release|Any CPU
	EndGlobalSection
	GlobalSection(ProjectConfigurationPlatforms) = postSolution
		{B49E50C6-86DF-41BD-A744-087B9A8E3B96}.Debug|Any CPU.ActiveCfg = Debug|Any CPU
		{B49E50C6-86DF-41BD-A744-087B9A8E3B96}.Debug|Any CPU.Build.0 = Debug|Any CPU
		{B49E50C6-86DF-41BD-A744-087B9A8E3B96}.Release|Any CPU.ActiveCfg = Release|Any CPU
		{B49E50C6-86DF-41BD-A744-087B9A8E3B96}.Release|Any CPU.Build.0 = Release|Any CPU
	EndGlobalSection
	GlobalSection(SolutionProperties) = preSolution
		HideSolutionNode = FALSE
	EndGlobalSection
	GlobalSection(ExtensibilityGlobals) = postSolution
		SolutionGuid = {69E474F7-6260-4C31-928B-0EF58537E9EE}
	EndGlobalSection
EndGlobal
